Microsoft Visual Studio Solution File, Format Version 12.00
# Visual Studio Version 17
VisualStudioVersion = 17.0.31903.59
MinimumVisualStudioVersion = 10.0.40219.1
Project("{31DF04E8-4A3F-4666-97E7-F47EFC7CF7B7}") = "Project_196851ac37f542e68d42844d0616aaa5_20250601200320296572", "Project_196851ac37f542e68d42844d0616aaa5_20250601200320296572.csproj", "{31DF04E8-4A3F-4666-97E7-F47EFC7CF7B7}"
EndProject
Global
    GlobalSection(SolutionConfigurationPlatforms) = preSolution
        Debug|Any CPU = Debug|Any CPU
        Release|Any CPU = Release|Any CPU
    EndGlobalSection
    GlobalSection(ProjectConfigurationPlatforms) = postSolution
        {31DF04E8-4A3F-4666-97E7-F47EFC7CF7B7}.Debug|Any CPU.ActiveCfg = Debug|Any CPU
        {31DF04E8-4A3F-4666-97E7-F47EFC7CF7B7}.Debug|Any CPU.Build.0 = Debug|Any CPU
        {31DF04E8-4A3F-4666-97E7-F47EFC7CF7B7}.Release|Any CPU.ActiveCfg = Release|Any CPU
        {31DF04E8-4A3F-4666-97E7-F47EFC7CF7B7}.Release|Any CPU.Build.0 = Release|Any CPU
    EndGlobalSection
EndGlobal